
Microsoft Visual Studio Solution File, Format Version 12.00
# Visual Studio 15
VisualStudioVersion = 15.0.28307.106
MinimumVisualStudioVersion = 10.0.40219.1
Project("{FAE04EC0-301F-11D3-BF4B-00C04F79EFBC}") = "MenuCreator", "MenuCreator\MenuCreator.csproj", "{171222BE-B916-4FFC-8840-40EABA6676CD}"
EndProject
Global
	GlobalSection(SolutionConfigurationPlatforms) = preSolution
		Debug|Any CPU = Debug|Any CPU
		Release|Any CPU = Release|Any CPU
	EndGlobalSection
	GlobalSection(ProjectConfigurationPlatforms) = postSolution
		{171222BE-B916-4FFC-8840-40EABA6676CD}.Debug|Any CPU.ActiveCfg = Debug|Any CPU
		{171222BE-B916-4FFC-8840-40EABA6676CD}.Debug|Any CPU.Build.0 = Debug|Any CPU
		{171222BE-B916-4FFC-8840-40EABA6676CD}.Release|Any CPU.ActiveCfg = Release|Any CPU
		{171222BE-B916-4FFC-8840-40EABA6676CD}.Release|Any CPU.Build.0 = Release|Any CPU
	EndGlobalSection
	GlobalSection(SolutionProperties) = preSolution
		HideSolutionNode = FALSE
	EndGlobalSection
	GlobalSection(ExtensibilityGlobals) = postSolution
		SolutionGuid = {69AA7E25-6E8D-402C-8EB6-EE9DA151D601}
		BuildVersion_UpdateAssemblyVersion = True
		BuildVersion_UpdateFileVersion = True
		BuildVersion_StartDate = 2019/1/1
		BuildVersion_AssemblyInfoFilename = MenuCreator\Properties\AssemblyInfo.cs
		BuildVersion_ConfigurationName = Release
	EndGlobalSection
	GlobalSection(NDepend) = preSolution
		Project = ".\MenuCreator.ndproj"
	EndGlobalSection
EndGlobal
